
Microsoft Visual Studio Solution File, Format Version 12.00
# Visual Studio 15
VisualStudioVersion = 15.0.27130.2036
MinimumVisualStudioVersion = 10.0.40219.1
Project("{FAE04EC0-301F-11D3-BF4B-00C04F79EFBC}") = "WebShareRoom", "WebShareRoom\WebShareRoom.csproj", "{7C7D6E6C-F386-4394-AE93-5E70E1242484}"
EndProject
Global
	GlobalSection(SolutionConfigurationPlatforms) = preSolution
		Debug|Any CPU = Debug|Any CPU
		Release|Any CPU = Release|Any CPU
	EndGlobalSection
	GlobalSection(ProjectConfigurationPlatforms) = postSolution
		{7C7D6E6C-F386-4394-AE93-5E70E1242484}.Debug|Any CPU.ActiveCfg = Debug|Any CPU
		{7C7D6E6C-F386-4394-AE93-5E70E1242484}.Debug|Any CPU.Build.0 = Debug|Any CPU
		{7C7D6E6C-F386-4394-AE93-5E70E1242484}.Release|Any CPU.ActiveCfg = Release|Any CPU
		{7C7D6E6C-F386-4394-AE93-5E70E1242484}.Release|Any CPU.Build.0 = Release|Any CPU
	EndGlobalSection
	GlobalSection(SolutionProperties) = preSolution
		HideSolutionNode = FALSE
	EndGlobalSection
	GlobalSection(ExtensibilityGlobals) = postSolution
		SolutionGuid = {FE90437E-738F-49A9-8F11-ACE7FFFB3D84}
	EndGlobalSection
EndGlobal
